
Microsoft Visual Studio Solution File, Format Version 12.00
# Visual Studio Version 17
VisualStudioVersion = 17.8.34330.188
MinimumVisualStudioVersion = 10.0.40219.1
Project("{FAE04EC0-301F-11D3-BF4B-00C04F79EFBC}") = "api", "api\api.csproj", "{AA223817-4A58-408C-86D1-01539D3834BD}"
EndProject
Global
	GlobalSection(SolutionConfigurationPlatforms) = preSolution
		Debug|Any CPU = Debug|Any CPU
		Release|Any CPU = Release|Any CPU
	EndGlobalSection
	GlobalSection(ProjectConfigurationPlatforms) = postSolution
		{AA223817-4A58-408C-86D1-01539D3834BD}.Debug|Any CPU.ActiveCfg = Debug|Any CPU
		{AA223817-4A58-408C-86D1-01539D3834BD}.Debug|Any CPU.Build.0 = Debug|Any CPU
		{AA223817-4A58-408C-86D1-01539D3834BD}.Release|Any CPU.ActiveCfg = Release|Any CPU
		{AA223817-4A58-408C-86D1-01539D3834BD}.Release|Any CPU.Build.0 = Release|Any CPU
	EndGlobalSection
	GlobalSection(SolutionProperties) = preSolution
		HideSolutionNode = FALSE
	EndGlobalSection
	GlobalSection(ExtensibilityGlobals) = postSolution
		SolutionGuid = {8C4C0AF2-0208-4942-98D6-3A3BE1EDE17B}
	EndGlobalSection
EndGlobal
